
Microsoft Visual Studio Solution File, Format Version 12.00
# Visual Studio Version 16
VisualStudioVersion = 16.0.29519.87
MinimumVisualStudioVersion = 10.0.40219.1
Project("{FAE04EC0-301F-11D3-BF4B-00C04F79EFBC}") = "dotNet_5780_01_9890_7533_7283", "dotNet_5780_01_9890_7533_7283.csproj", "{CFD33200-02D6-4522-BD96-01D85A6D2F68}"
EndProject
Global
	GlobalSection(SolutionConfigurationPlatforms) = preSolution
		Debug|Any CPU = Debug|Any CPU
		Release|Any CPU = Release|Any CPU
	EndGlobalSection
	GlobalSection(ProjectConfigurationPlatforms) = postSolution
		{CFD33200-02D6-4522-BD96-01D85A6D2F68}.Debug|Any CPU.ActiveCfg = Debug|Any CPU
		{CFD33200-02D6-4522-BD96-01D85A6D2F68}.Debug|Any CPU.Build.0 = Debug|Any CPU
		{CFD33200-02D6-4522-BD96-01D85A6D2F68}.Release|Any CPU.ActiveCfg = Release|Any CPU
		{CFD33200-02D6-4522-BD96-01D85A6D2F68}.Release|Any CPU.Build.0 = Release|Any CPU
	EndGlobalSection
	GlobalSection(SolutionProperties) = preSolution
		HideSolutionNode = FALSE
	EndGlobalSection
	GlobalSection(ExtensibilityGlobals) = postSolution
		SolutionGuid = {2E4C745A-6B25-421B-992F-61D67A885428}
	EndGlobalSection
EndGlobal
